PODS:
  - BZMWebViewJSBridge (0.0.1)

DEPENDENCIES:
  - BZMWebViewJSBridge (from `../`)

EXTERNAL SOURCES:
  BZMWebViewJSBridge:
    :path: "../"

SPEC CHECKSUMS:
  BZMWebViewJSBridge: f10d407e919f7ee29c102df8bc0e1438345d9bd1

PODFILE CHECKSUM: fc906f0cd18f56a423a4dd66337544889b5859fb

COCOAPODS: 1.10.1
